{
  "version": 4,
  "terraform_version": "1.4.6",
  "serial": 97,
  "lineage": "877d49c8-ecc5-1d2e-11fd-bf88e8f77dca",
  "outputs": {
    "kubernetes_cluster_name": {
      "value": "myvpn-385103-gke",
      "type": "string"
    },
    "project_id": {
      "value": "myvpn-385103",
      "type": "string"
    },
    "region": {
      "value": "asia-east1",
      "type": "string"
    },
    "sql_db_ip": {
      "value": [
        "35.236.153.48"
      ],
      "type": [
        "tuple",
        [
          "string"
        ]
      ]
    }
  },
  "resources": [
    {
      "mode": "data",
      "type": "google_client_config",
      "name": "provider",
      "provider": "provider[\"registry.terraform.io/hashicorp/google\"]",
      "instances": [
        {
          "schema_version": 0,
          "attributes": {
            "access_token": "ya29.a0AWY7CklJI926l3U-iYEAiSjKopWEP2_QHHiWEoxlROqZVXrW4Cx1KdqFhYyEnhR2M085_UB6djU27JI52o1f-nW1YrugbJ_HAGGfAtRBi6fHPmpBFfDcl6_ma2oWZ90nMUzZ5Xt5F7Higa0Oc5tv_4YXN828397-aCgYKAQASARISFQG1tDrpRhT0zM9v-SiIq0dFvoBajw0167",
            "id": "projects/myvpn-385103/regions/asia-east1/zones/asia-east1-b",
            "project": "myvpn-385103",
            "region": "asia-east1",
            "zone": "asia-east1-b"
          },
          "sensitive_attributes": []
        }
      ]
    },
    {
      "mode": "data",
      "type": "google_container_cluster",
      "name": "cluster",
      "provider": "provider[\"registry.terraform.io/hashicorp/google\"]",
      "instances": [
        {
          "schema_version": 0,
          "attributes": {
            "addons_config": null,
            "authenticator_groups_config": null,
            "cluster_autoscaling": null,
            "cluster_ipv4_cidr": null,
            "database_encryption": null,
            "datapath_provider": null,
            "default_max_pods_per_node": null,
            "default_snat_status": null,
            "description": null,
            "enable_autopilot": null,
            "enable_binary_authorization": null,
            "enable_intranode_visibility": null,
            "enable_kubernetes_alpha": null,
            "enable_legacy_abac": null,
            "enable_shielded_nodes": null,
            "enable_tpu": null,
            "endpoint": null,
            "id": null,
            "initial_node_count": null,
            "instance_group_urls": null,
            "ip_allocation_policy": null,
            "label_fingerprint": null,
            "location": null,
            "logging_service": null,
            "maintenance_policy": null,
            "master_auth": null,
            "master_authorized_networks_config": null,
            "master_version": null,
            "min_master_version": null,
            "monitoring_service": null,
            "name": null,
            "network": null,
            "network_policy": null,
            "networking_mode": null,
            "node_config": null,
            "node_locations": null,
            "node_pool": null,
            "node_version": null,
            "operation": null,
            "pod_security_policy_config": null,
            "private_cluster_config": null,
            "private_ipv6_google_access": null,
            "project": null,
            "release_channel": null,
            "remove_default_node_pool": null,
            "resource_labels": null,
            "resource_usage_export_config": null,
            "self_link": null,
            "services_ipv4_cidr": null,
            "subnetwork": null,
            "tpu_ipv4_cidr_block": null,
            "vertical_pod_autoscaling": null,
            "workload_identity_config": null
          },
          "sensitive_attributes": []
        }
      ]
    },
    {
      "mode": "managed",
      "type": "google_compute_address",
      "name": "dev_subnet_and_address",
      "provider": "provider[\"registry.terraform.io/hashicorp/google\"]",
      "instances": [
        {
          "schema_version": 0,
          "attributes": {
            "address": "10.10.0.100",
            "address_type": "INTERNAL",
            "creation_timestamp": "2023-05-14T18:32:29.755-07:00",
            "description": "",
            "id": "projects/myvpn-385103/regions/asia-east1/addresses/my-internal-address",
            "name": "my-internal-address",
            "network_tier": "PREMIUM",
            "project": "myvpn-385103",
            "purpose": "GCE_ENDPOINT",
            "region": "asia-east1",
            "self_link": "https://www.googleapis.com/compute/v1/projects/myvpn-385103/regions/asia-east1/addresses/my-internal-address",
            "subnetwork": "https://www.googleapis.com/compute/v1/projects/myvpn-385103/regions/asia-east1/subnetworks/myvpn-385103-subnet",
            "timeouts": null,
            "users": []
          },
          "sensitive_attributes": [],
          "private": "eyJlMmJmYjczMC1lY2FhLTExZTYtOGY4OC0zNDM2M2JjN2M0YzAiOnsiY3JlYXRlIjoyNDAwMDAwMDAwMDAsImRlbGV0ZSI6MjQwMDAwMDAwMDAwfX0=",
          "dependencies": [
            "google_compute_network.dev_vpc",
            "google_compute_subnetwork.dev_subnet"
          ]
        }
      ]
    },
    {
      "mode": "managed",
      "type": "google_compute_network",
      "name": "dev_vpc",
      "provider": "provider[\"registry.terraform.io/hashicorp/google\"]",
      "instances": [
        {
          "schema_version": 0,
          "attributes": {
            "auto_create_subnetworks": false,
            "delete_default_routes_on_create": false,
            "description": "",
            "gateway_ipv4": "",
            "id": "projects/myvpn-385103/global/networks/myvpn-385103-vpc",
            "mtu": 0,
            "name": "myvpn-385103-vpc",
            "project": "myvpn-385103",
            "routing_mode": "GLOBAL",
            "self_link": "https://www.googleapis.com/compute/v1/projects/myvpn-385103/global/networks/myvpn-385103-vpc",
            "timeouts": null
          },
          "sensitive_attributes": [],
          "private": "eyJlMmJmYjczMC1lY2FhLTExZTYtOGY4OC0zNDM2M2JjN2M0YzAiOnsiY3JlYXRlIjoyNDAwMDAwMDAwMDAsImRlbGV0ZSI6MjQwMDAwMDAwMDAwLCJ1cGRhdGUiOjI0MDAwMDAwMDAwMH19"
        }
      ]
    },
    {
      "mode": "managed",
      "type": "google_compute_subnetwork",
      "name": "dev_subnet",
      "provider": "provider[\"registry.terraform.io/hashicorp/google\"]",
      "instances": [
        {
          "schema_version": 0,
          "attributes": {
            "creation_timestamp": "2023-05-14T18:31:57.864-07:00",
            "description": "",
            "fingerprint": null,
            "gateway_address": "10.10.0.1",
            "id": "projects/myvpn-385103/regions/asia-east1/subnetworks/myvpn-385103-subnet",
            "ip_cidr_range": "10.10.0.0/24",
            "log_config": [],
            "name": "myvpn-385103-subnet",
            "network": "https://www.googleapis.com/compute/v1/projects/myvpn-385103/global/networks/myvpn-385103-vpc",
            "private_ip_google_access": false,
            "private_ipv6_google_access": "DISABLE_GOOGLE_ACCESS",
            "project": "myvpn-385103",
            "region": "asia-east1",
            "secondary_ip_range": [],
            "self_link": "https://www.googleapis.com/compute/v1/projects/myvpn-385103/regions/asia-east1/subnetworks/myvpn-385103-subnet",
            "timeouts": null
          },
          "sensitive_attributes": [],
          "private": "eyJlMmJmYjczMC1lY2FhLTExZTYtOGY4OC0zNDM2M2JjN2M0YzAiOnsiY3JlYXRlIjozNjAwMDAwMDAwMDAsImRlbGV0ZSI6MzYwMDAwMDAwMDAwLCJ1cGRhdGUiOjM2MDAwMDAwMDAwMH19",
          "dependencies": [
            "google_compute_network.dev_vpc"
          ]
        }
      ]
    },
    {
      "mode": "managed",
      "type": "google_sql_user",
      "name": "users",
      "provider": "provider[\"registry.terraform.io/hashicorp/google\"]",
      "instances": [
        {
          "schema_version": 1,
          "attributes": {
            "deletion_policy": null,
            "host": "",
            "id": "dustin//myvpn-385103-db",
            "instance": "myvpn-385103-db",
            "name": "dustin",
            "password": "qazwsxp123",
            "project": "myvpn-385103",
            "timeouts": null,
            "type": ""
          },
          "sensitive_attributes": [],
          "private": "eyJlMmJmYjczMC1lY2FhLTExZTYtOGY4OC0zNDM2M2JjN2M0YzAiOnsiY3JlYXRlIjo2MDAwMDAwMDAwMDAsImRlbGV0ZSI6NjAwMDAwMDAwMDAwLCJ1cGRhdGUiOjYwMDAwMDAwMDAwMH0sInNjaGVtYV92ZXJzaW9uIjoiMSJ9",
          "dependencies": [
            "google_sql_database_instance.main"
          ]
        }
      ]
    }
  ],
  "check_results": null
}
